
Microsoft Visual Studio Solution File, Format Version 12.00
# Visual Studio Version 17
VisualStudioVersion = 17.14.36717.8
MinimumVisualStudioVersion = 10.0.40219.1
Project("{FAE04EC0-301F-11D3-BF4B-00C04F79EFBC}") = "DTO", "DTO\DTO.csproj", "{849D444B-BDF5-46CE-A76F-4A4632D35BD7}"
EndProject
Project("{FAE04EC0-301F-11D3-BF4B-00C04F79EFBC}") = "DAL", "DAL\DAL.csproj", "{AA530FCF-0E48-4A69-96FC-4BBC0C4680A1}"
EndProject
Project("{FAE04EC0-301F-11D3-BF4B-00C04F79EFBC}") = "BLL", "BLL\BLL.csproj", "{BC704444-49CB-4899-9E0C-737ABDF5590B}"
EndProject
Project("{FAE04EC0-301F-11D3-BF4B-00C04F79EFBC}") = "Desktop", "Desktop\Desktop.csproj", "{215D2622-7740-4522-ABC9-61ADC5B5154B}"
EndProject
Project("{FAE04EC0-301F-11D3-BF4B-00C04F79EFBC}") = "Web", "Web\Web.csproj", "{1118BDF4-A42C-4F53-B43E-FD09066DFE5D}"
EndProject
Project("{FAE04EC0-301F-11D3-BF4B-00C04F79EFBC}") = "BLL.Tests", "BLL.Tests\BLL.Tests.csproj", "{F5A3B1C2-D4E5-6F78-9A0B-1C2D3E4F5678}"
EndProject
Global
	GlobalSection(SolutionConfigurationPlatforms) = preSolution
		Debug|Any CPU = Debug|Any CPU
		Release|Any CPU = Release|Any CPU
	EndGlobalSection
	GlobalSection(ProjectConfigurationPlatforms) = postSolution
		{849D444B-BDF5-46CE-A76F-4A4632D35BD7}.Debug|Any CPU.ActiveCfg = Debug|Any CPU
		{849D444B-BDF5-46CE-A76F-4A4632D35BD7}.Debug|Any CPU.Build.0 = Debug|Any CPU
		{849D444B-BDF5-46CE-A76F-4A4632D35BD7}.Release|Any CPU.ActiveCfg = Release|Any CPU
		{849D444B-BDF5-46CE-A76F-4A4632D35BD7}.Release|Any CPU.Build.0 = Release|Any CPU
		{AA530FCF-0E48-4A69-96FC-4BBC0C4680A1}.Debug|Any CPU.ActiveCfg = Debug|Any CPU
		{AA530FCF-0E48-4A69-96FC-4BBC0C4680A1}.Debug|Any CPU.Build.0 = Debug|Any CPU
		{AA530FCF-0E48-4A69-96FC-4BBC0C4680A1}.Release|Any CPU.ActiveCfg = Release|Any CPU
		{AA530FCF-0E48-4A69-96FC-4BBC0C4680A1}.Release|Any CPU.Build.0 = Release|Any CPU
		{BC704444-49CB-4899-9E0C-737ABDF5590B}.Debug|Any CPU.ActiveCfg = Debug|Any CPU
		{BC704444-49CB-4899-9E0C-737ABDF5590B}.Debug|Any CPU.Build.0 = Debug|Any CPU
		{BC704444-49CB-4899-9E0C-737ABDF5590B}.Release|Any CPU.ActiveCfg = Release|Any CPU
		{BC704444-49CB-4899-9E0C-737ABDF5590B}.Release|Any CPU.Build.0 = Release|Any CPU
		{215D2622-7740-4522-ABC9-61ADC5B5154B}.Debug|Any CPU.ActiveCfg = Debug|Any CPU
		{215D2622-7740-4522-ABC9-61ADC5B5154B}.Debug|Any CPU.Build.0 = Debug|Any CPU
		{215D2622-7740-4522-ABC9-61ADC5B5154B}.Release|Any CPU.ActiveCfg = Release|Any CPU
		{215D2622-7740-4522-ABC9-61ADC5B5154B}.Release|Any CPU.Build.0 = Release|Any CPU
		{1118BDF4-A42C-4F53-B43E-FD09066DFE5D}.Debug|Any CPU.ActiveCfg = Debug|Any CPU
		{1118BDF4-A42C-4F53-B43E-FD09066DFE5D}.Debug|Any CPU.Build.0 = Debug|Any CPU
		{1118BDF4-A42C-4F53-B43E-FD09066DFE5D}.Release|Any CPU.ActiveCfg = Release|Any CPU
		{1118BDF4-A42C-4F53-B43E-FD09066DFE5D}.Release|Any CPU.Build.0 = Release|Any CPU
		{F5A3B1C2-D4E5-6F78-9A0B-1C2D3E4F5678}.Debug|Any CPU.ActiveCfg = Debug|Any CPU
		{F5A3B1C2-D4E5-6F78-9A0B-1C2D3E4F5678}.Debug|Any CPU.Build.0 = Debug|Any CPU
		{F5A3B1C2-D4E5-6F78-9A0B-1C2D3E4F5678}.Release|Any CPU.ActiveCfg = Release|Any CPU
		{F5A3B1C2-D4E5-6F78-9A0B-1C2D3E4F5678}.Release|Any CPU.Build.0 = Release|Any CPU
	EndGlobalSection
	GlobalSection(SolutionProperties) = preSolution
		HideSolutionNode = FALSE
	EndGlobalSection
	GlobalSection(ExtensibilityGlobals) = postSolution
		SolutionGuid = {43576E92-AEAB-43D3-8FDF-0926CF54CF46}
	EndGlobalSection
EndGlobal
